// !$*UTF8*$!
{
	archiveVersion = 1;
	classes = {
	};
	objectVersion = 50;
	objects = {

/* Begin PBXBuildFile section */
		3D5716CB24B63D95003FECEC /* NetworkManager.swift in Sources */ = {isa = PBXBuildFile; fileRef = 3D5716CA24B63D95003FECEC /* NetworkManager.swift */; };
		3D5716CD24B642FD003FECEC /* NetworkRouter.swift in Sources */ = {isa = PBXBuildFile; fileRef = 3D5716CC24B642FD003FECEC /* NetworkRouter.swift */; };
		3D5716D224B64C10003FECEC /* MovieListVC.swift in Sources */ = {isa = PBXBuildFile; fileRef = 3D5716D124B64C10003FECEC /* MovieListVC.swift */; };
		3D5716D424B64C25003FECEC /* MovieListHandler.swift in Sources */ = {isa = PBXBuildFile; fileRef = 3D5716D324B64C25003FECEC /* MovieListHandler.swift */; };
		3D5716D624B64C76003FECEC /* MovieListRequester.swift in Sources */ = {isa = PBXBuildFile; fileRef = 3D5716D524B64C76003FECEC /* MovieListRequester.swift */; };
		3D5716D824B64CDD003FECEC /* NetworkRequestable.swift in Sources */ = {isa = PBXBuildFile; fileRef = 3D5716D724B64CDD003FECEC /* NetworkRequestable.swift */; };
		3D5716DA24B65438003FECEC /* MovieListModel.swift in Sources */ = {isa = PBXBuildFile; fileRef = 3D5716D924B65438003FECEC /* MovieListModel.swift */; };
		3D5716DC24B659D0003FECEC /* MovieListViewModel.swift in Sources */ = {isa = PBXBuildFile; fileRef = 3D5716DB24B659D0003FECEC /* MovieListViewModel.swift */; };
		3DBE8C4324B2615F00673C63 /* AppDelegate.swift in Sources */ = {isa = PBXBuildFile; fileRef = 3DBE8C4224B2615F00673C63 /* AppDelegate.swift */; };
		3DBE8C4524B2615F00673C63 /* SceneDelegate.swift in Sources */ = {isa = PBXBuildFile; fileRef = 3DBE8C4424B2615F00673C63 /* SceneDelegate.swift */; };
		3DBE8C4A24B2615F00673C63 /* Main.storyboard in Resources */ = {isa = PBXBuildFile; fileRef = 3DBE8C4824B2615F00673C63 /* Main.storyboard */; };
		3DBE8C4C24B2616000673C63 /* Assets.xcassets in Resources */ = {isa = PBXBuildFile; fileRef = 3DBE8C4B24B2616000673C63 /* Assets.xcassets */; };
		3DBE8C4F24B2616000673C63 /* LaunchScreen.storyboard in Resources */ = {isa = PBXBuildFile; fileRef = 3DBE8C4D24B2616000673C63 /* LaunchScreen.storyboard */; };
/* End PBXBuildFile section */

/* Begin PBXFileReference section */
		3D5716CA24B63D95003FECEC /* NetworkManager.swift */ = {isa = PBXFileReference; lastKnownFileType = sourcecode.swift; path = NetworkManager.swift; sourceTree = "<group>"; };
		3D5716CC24B642FD003FECEC /* NetworkRouter.swift */ = {isa = PBXFileReference; lastKnownFileType = sourcecode.swift; path = NetworkRouter.swift; sourceTree = "<group>"; };
		3D5716D124B64C10003FECEC /* MovieListVC.swift */ = {isa = PBXFileReference; lastKnownFileType = sourcecode.swift; path = MovieListVC.swift; sourceTree = "<group>"; };
		3D5716D324B64C25003FECEC /* MovieListHandler.swift */ = {isa = PBXFileReference; lastKnownFileType = sourcecode.swift; path = MovieListHandler.swift; sourceTree = "<group>"; };
		3D5716D524B64C76003FECEC /* MovieListRequester.swift */ = {isa = PBXFileReference; lastKnownFileType = sourcecode.swift; path = MovieListRequester.swift; sourceTree = "<group>"; };
		3D5716D724B64CDD003FECEC /* NetworkRequestable.swift */ = {isa = PBXFileReference; lastKnownFileType = sourcecode.swift; path = NetworkRequestable.swift; sourceTree = "<group>"; };
		3D5716D924B65438003FECEC /* MovieListModel.swift */ = {isa = PBXFileReference; lastKnownFileType = sourcecode.swift; path = MovieListModel.swift; sourceTree = "<group>"; };
		3D5716DB24B659D0003FECEC /* MovieListViewModel.swift */ = {isa = PBXFileReference; lastKnownFileType = sourcecode.swift; path = MovieListViewModel.swift; sourceTree = "<group>"; };
		3DBE8C3F24B2615F00673C63 /* TMDBMovieListDemo.app */ = {isa = PBXFileReference; explicitFileType = wrapper.application; includeInIndex = 0; path = TMDBMovieListDemo.app; sourceTree = BUILT_PRODUCTS_DIR; };
		3DBE8C4224B2615F00673C63 /* AppDelegate.swift */ = {isa = PBXFileReference; lastKnownFileType = sourcecode.swift; path = AppDelegate.swift; sourceTree = "<group>"; };
		3DBE8C4424B2615F00673C63 /* SceneDelegate.swift */ = {isa = PBXFileReference; lastKnownFileType = sourcecode.swift; path = SceneDelegate.swift; sourceTree = "<group>"; };
		3DBE8C4924B2615F00673C63 /* Base */ = {isa = PBXFileReference; lastKnownFileType = file.storyboard; name = Base; path = Base.lproj/Main.storyboard; sourceTree = "<group>"; };
		3DBE8C4B24B2616000673C63 /* Assets.xcassets */ = {isa = PBXFileReference; lastKnownFileType = folder.assetcatalog; path = Assets.xcassets; sourceTree = "<group>"; };
		3DBE8C4E24B2616000673C63 /* Base */ = {isa = PBXFileReference; lastKnownFileType = file.storyboard; name = Base; path = Base.lproj/LaunchScreen.storyboard; sourceTree = "<group>"; };
		3DBE8C5024B2616000673C63 /* Info.plist */ = {isa = PBXFileReference; lastKnownFileType = text.plist.xml; path = Info.plist; sourceTree = "<group>"; };
/* End PBXFileReference section */

/* Begin PBXFrameworksBuildPhase section */
		3DBE8C3C24B2615F00673C63 /* Frameworks */ = {
			isa = PBXFrameworksBuildPhase;
			buildActionMask = 2147483647;
			files = (
			);
			runOnlyForDeploymentPostprocessing = 0;
		};
/* End PBXFrameworksBuildPhase section */

/* Begin PBXGroup section */
		3D5716C524B6369D003FECEC /* Controllers */ = {
			isa = PBXGroup;
			children = (
				3D5716D024B64BF8003FECEC /* Movie List */,
				3DBE8C4424B2615F00673C63 /* SceneDelegate.swift */,
				3DBE8C4224B2615F00673C63 /* AppDelegate.swift */,
			);
			path = Controllers;
			sourceTree = "<group>";
		};
		3D5716C624B636A5003FECEC /* Views */ = {
			isa = PBXGroup;
			children = (
				3DBE8C4824B2615F00673C63 /* Main.storyboard */,
			);
			path = Views;
			sourceTree = "<group>";
		};
		3D5716C724B636B1003FECEC /* Models */ = {
			isa = PBXGroup;
			children = (
				3D5716D924B65438003FECEC /* MovieListModel.swift */,
			);
			path = Models;
			sourceTree = "<group>";
		};
		3D5716C824B63707003FECEC /* Networking */ = {
			isa = PBXGroup;
			children = (
				3D5716CA24B63D95003FECEC /* NetworkManager.swift */,
				3D5716CC24B642FD003FECEC /* NetworkRouter.swift */,
				3D5716D724B64CDD003FECEC /* NetworkRequestable.swift */,
			);
			path = Networking;
			sourceTree = "<group>";
		};
		3D5716C924B63710003FECEC /* Helper Classes */ = {
			isa = PBXGroup;
			children = (
			);
			path = "Helper Classes";
			sourceTree = "<group>";
		};
		3D5716D024B64BF8003FECEC /* Movie List */ = {
			isa = PBXGroup;
			children = (
				3D5716D124B64C10003FECEC /* MovieListVC.swift */,
				3D5716D324B64C25003FECEC /* MovieListHandler.swift */,
				3D5716D524B64C76003FECEC /* MovieListRequester.swift */,
				3D5716DB24B659D0003FECEC /* MovieListViewModel.swift */,
			);
			path = "Movie List";
			sourceTree = "<group>";
		};
		3DBE8C3624B2615F00673C63 = {
			isa = PBXGroup;
			children = (
				3DBE8C4124B2615F00673C63 /* TMDBMovieListDemo */,
				3DBE8C4024B2615F00673C63 /* Products */,
			);
			sourceTree = "<group>";
		};
		3DBE8C4024B2615F00673C63 /* Products */ = {
			isa = PBXGroup;
			children = (
				3DBE8C3F24B2615F00673C63 /* TMDBMovieListDemo.app */,
			);
			name = Products;
			sourceTree = "<group>";
		};
		3DBE8C4124B2615F00673C63 /* TMDBMovieListDemo */ = {
			isa = PBXGroup;
			children = (
				3D5716C924B63710003FECEC /* Helper Classes */,
				3D5716C824B63707003FECEC /* Networking */,
				3D5716C724B636B1003FECEC /* Models */,
				3D5716C624B636A5003FECEC /* Views */,
				3D5716C524B6369D003FECEC /* Controllers */,
				3DBE8C4B24B2616000673C63 /* Assets.xcassets */,
				3DBE8C4D24B2616000673C63 /* LaunchScreen.storyboard */,
				3DBE8C5024B2616000673C63 /* Info.plist */,
			);
			path = TMDBMovieListDemo;
			sourceTree = "<group>";
		};
/* End PBXGroup section */

/* Begin PBXNativeTarget section */
		3DBE8C3E24B2615F00673C63 /* TMDBMovieListDemo */ = {
			isa = PBXNativeTarget;
			buildConfigurationList = 3DBE8C5324B2616000673C63 /* Build configuration list for PBXNativeTarget "TMDBMovieListDemo" */;
			buildPhases = (
				3DBE8C3B24B2615F00673C63 /* Sources */,
				3DBE8C3C24B2615F00673C63 /* Frameworks */,
				3DBE8C3D24B2615F00673C63 /* Resources */,
			);
			buildRules = (
			);
			dependencies = (
			);
			name = TMDBMovieListDemo;
			productName = TMDBMovieListDemo;
			productReference = 3DBE8C3F24B2615F00673C63 /* TMDBMovieListDemo.app */;
			productType = "com.apple.product-type.application";
		};
/* End PBXNativeTarget section */

/* Begin PBXProject section */
		3DBE8C3724B2615F00673C63 /* Project object */ = {
			isa = PBXProject;
			attributes = {
				LastSwiftUpdateCheck = 1140;
				LastUpgradeCheck = 1140;
				ORGANIZATIONNAME = Aarsh;
				TargetAttributes = {
					3DBE8C3E24B2615F00673C63 = {
						CreatedOnToolsVersion = 11.4.1;
					};
				};
			};
			buildConfigurationList = 3DBE8C3A24B2615F00673C63 /* Build configuration list for PBXProject "TMDBMovieListDemo" */;
			compatibilityVersion = "Xcode 9.3";
			developmentRegion = en;
			hasScannedForEncodings = 0;
			knownRegions = (
				en,
				Base,
			);
			mainGroup = 3DBE8C3624B2615F00673C63;
			productRefGroup = 3DBE8C4024B2615F00673C63 /* Products */;
			projectDirPath = "";
			projectRoot = "";
			targets = (
				3DBE8C3E24B2615F00673C63 /* TMDBMovieListDemo */,
			);
		};
/* End PBXProject section */

/* Begin PBXResourcesBuildPhase section */
		3DBE8C3D24B2615F00673C63 /* Resources */ = {
			isa = PBXResourcesBuildPhase;
			buildActionMask = 2147483647;
			files = (
				3DBE8C4F24B2616000673C63 /* LaunchScreen.storyboard in Resources */,
				3DBE8C4C24B2616000673C63 /* Assets.xcassets in Resources */,
				3DBE8C4A24B2615F00673C63 /* Main.storyboard in Resources */,
			);
			runOnlyForDeploymentPostprocessing = 0;
		};
/* End PBXResourcesBuildPhase section */

/* Begin PBXSourcesBuildPhase section */
		3DBE8C3B24B2615F00673C63 /* Sources */ = {
			isa = PBXSourcesBuildPhase;
			buildActionMask = 2147483647;
			files = (
				3D5716DA24B65438003FECEC /* MovieListModel.swift in Sources */,
				3D5716CB24B63D95003FECEC /* NetworkManager.swift in Sources */,
				3D5716CD24B642FD003FECEC /* NetworkRouter.swift in Sources */,
				3D5716D824B64CDD003FECEC /* NetworkRequestable.swift in Sources */,
				3DBE8C4324B2615F00673C63 /* AppDelegate.swift in Sources */,
				3DBE8C4524B2615F00673C63 /* SceneDelegate.swift in Sources */,
				3D5716D424B64C25003FECEC /* MovieListHandler.swift in Sources */,
				3D5716D224B64C10003FECEC /* MovieListVC.swift in Sources */,
				3D5716D624B64C76003FECEC /* MovieListRequester.swift in Sources */,
				3D5716DC24B659D0003FECEC /* MovieListViewModel.swift in Sources */,
			);
			runOnlyForDeploymentPostprocessing = 0;
		};
/* End PBXSourcesBuildPhase section */

/* Begin PBXVariantGroup section */
		3DBE8C4824B2615F00673C63 /* Main.storyboard */ = {
			isa = PBXVariantGroup;
			children = (
				3DBE8C4924B2615F00673C63 /* Base */,
			);
			name = Main.storyboard;
			sourceTree = "<group>";
		};
		3DBE8C4D24B2616000673C63 /* LaunchScreen.storyboard */ = {
			isa = PBXVariantGroup;
			children = (
				3DBE8C4E24B2616000673C63 /* Base */,
			);
			name = LaunchScreen.storyboard;
			sourceTree = "<group>";
		};
/* End PBXVariantGroup section */

/* Begin XCBuildConfiguration section */
		3DBE8C5124B2616000673C63 /* Debug */ = {
			isa = XCBuildConfiguration;
			buildSettings = {
				ALWAYS_SEARCH_USER_PATHS = NO;
				CLANG_ANALYZER_NONNULL = YES;
				CLANG_ANALYZER_NUMBER_OBJECT_CONVERSION = YES_AGGRESSIVE;
				CLANG_CXX_LANGUAGE_STANDARD = "gnu++14";
				CLANG_CXX_LIBRARY = "libc++";
				CLANG_ENABLE_MODULES = YES;
				CLANG_ENABLE_OBJC_ARC = YES;
				CLANG_ENABLE_OBJC_WEAK = YES;
				CLANG_WARN_BLOCK_CAPTURE_AUTORELEASING = YES;
				CLANG_WARN_BOOL_CONVERSION = YES;
				CLANG_WARN_COMMA = YES;
				CLANG_WARN_CONSTANT_CONVERSION = YES;
				CLANG_WARN_DEPRECATED_OBJC_IMPLEMENTATIONS = YES;
				CLANG_WARN_DIRECT_OBJC_ISA_USAGE = YES_ERROR;
				CLANG_WARN_DOCUMENTATION_COMMENTS = YES;
				CLANG_WARN_EMPTY_BODY = YES;
				CLANG_WARN_ENUM_CONVERSION = YES;
				CLANG_WARN_INFINITE_RECURSION = YES;
				CLANG_WARN_INT_CONVERSION = YES;
				CLANG_WARN_NON_LITERAL_NULL_CONVERSION = YES;
				CLANG_WARN_OBJC_IMPLICIT_RETAIN_SELF = YES;
				CLANG_WARN_OBJC_LITERAL_CONVERSION = YES;
				CLANG_WARN_OBJC_ROOT_CLASS = YES_ERROR;
				CLANG_WARN_RANGE_LOOP_ANALYSIS = YES;
				CLANG_WARN_STRICT_PROTOTYPES = YES;
				CLANG_WARN_SUSPICIOUS_MOVE = YES;
				CLANG_WARN_UNGUARDED_AVAILABILITY = YES_AGGRESSIVE;
				CLANG_WARN_UNREACHABLE_CODE = YES;
				CLANG_WARN__DUPLICATE_METHOD_MATCH = YES;
				COPY_PHASE_STRIP = NO;
				DEBUG_INFORMATION_FORMAT = dwarf;
				ENABLE_STRICT_OBJC_MSGSEND = YES;
				ENABLE_TESTABILITY = YES;
				GCC_C_LANGUAGE_STANDARD = gnu11;
				GCC_DYNAMIC_NO_PIC = NO;
				GCC_NO_COMMON_BLOCKS = YES;
				GCC_OPTIMIZATION_LEVEL = 0;
				GCC_PREPROCESSOR_DEFINITIONS = (
					"DEBUG=1",
					"$(inherited)",
				);
				GCC_WARN_64_TO_32_BIT_CONVERSION = YES;
				GCC_WARN_ABOUT_RETURN_TYPE = YES_ERROR;
				GCC_WARN_UNDECLARED_SELECTOR = YES;
				GCC_WARN_UNINITIALIZED_AUTOS = YES_AGGRESSIVE;
				GCC_WARN_UNUSED_FUNCTION = YES;
				GCC_WARN_UNUSED_VARIABLE = YES;
				IPHONEOS_DEPLOYMENT_TARGET = 13.4;
				MTL_ENABLE_DEBUG_INFO = INCLUDE_SOURCE;
				MTL_FAST_MATH = YES;
				ONLY_ACTIVE_ARCH = YES;
				SDKROOT = iphoneos;
				SWIFT_ACTIVE_COMPILATION_CONDITIONS = DEBUG;
				SWIFT_OPTIMIZATION_LEVEL = "-Onone";
			};
			name = Debug;
		};
		3DBE8C5224B2616000673C63 /* Release */ = {
			isa = XCBuildConfiguration;
			buildSettings = {
				ALWAYS_SEARCH_USER_PATHS = NO;
				CLANG_ANALYZER_NONNULL = YES;
				CLANG_ANALYZER_NUMBER_OBJECT_CONVERSION = YES_AGGRESSIVE;
				CLANG_CXX_LANGUAGE_STANDARD = "gnu++14";
				CLANG_CXX_LIBRARY = "libc++";
				CLANG_ENABLE_MODULES = YES;
				CLANG_ENABLE_OBJC_ARC = YES;
				CLANG_ENABLE_OBJC_WEAK = YES;
				CLANG_WARN_BLOCK_CAPTURE_AUTORELEASING = YES;
				CLANG_WARN_BOOL_CONVERSION = YES;
				CLANG_WARN_COMMA = YES;
				CLANG_WARN_CONSTANT_CONVERSION = YES;
				CLANG_WARN_DEPRECATED_OBJC_IMPLEMENTATIONS = YES;
				CLANG_WARN_DIRECT_OBJC_ISA_USAGE = YES_ERROR;
				CLANG_WARN_DOCUMENTATION_COMMENTS = YES;
				CLANG_WARN_EMPTY_BODY = YES;
				CLANG_WARN_ENUM_CONVERSION = YES;
				CLANG_WARN_INFINITE_RECURSION = YES;
				CLANG_WARN_INT_CONVERSION = YES;
				CLANG_WARN_NON_LITERAL_NULL_CONVERSION = YES;
				CLANG_WARN_OBJC_IMPLICIT_RETAIN_SELF = YES;
				CLANG_WARN_OBJC_LITERAL_CONVERSION = YES;
				CLANG_WARN_OBJC_ROOT_CLASS = YES_ERROR;
				CLANG_WARN_RANGE_LOOP_ANALYSIS = YES;
				CLANG_WARN_STRICT_PROTOTYPES = YES;
				CLANG_WARN_SUSPICIOUS_MOVE = YES;
				CLANG_WARN_UNGUARDED_AVAILABILITY = YES_AGGRESSIVE;
				CLANG_WARN_UNREACHABLE_CODE = YES;
				CLANG_WARN__DUPLICATE_METHOD_MATCH = YES;
				COPY_PHASE_STRIP = NO;
				DEBUG_INFORMATION_FORMAT = "dwarf-with-dsym";
				ENABLE_NS_ASSERTIONS = NO;
				ENABLE_STRICT_OBJC_MSGSEND = YES;
				GCC_C_LANGUAGE_STANDARD = gnu11;
				GCC_NO_COMMON_BLOCKS = YES;
				GCC_WARN_64_TO_32_BIT_CONVERSION = YES;
				GCC_WARN_ABOUT_RETURN_TYPE = YES_ERROR;
				GCC_WARN_UNDECLARED_SELECTOR = YES;
				GCC_WARN_UNINITIALIZED_AUTOS = YES_AGGRESSIVE;
				GCC_WARN_UNUSED_FUNCTION = YES;
				GCC_WARN_UNUSED_VARIABLE = YES;
				IPHONEOS_DEPLOYMENT_TARGET = 13.4;
				MTL_ENABLE_DEBUG_INFO = NO;
				MTL_FAST_MATH = YES;
				SDKROOT = iphoneos;
				SWIFT_COMPILATION_MODE = wholemodule;
				SWIFT_OPTIMIZATION_LEVEL = "-O";
				VALIDATE_PRODUCT = YES;
			};
			name = Release;
		};
		3DBE8C5424B2616000673C63 /* Debug */ = {
			isa = XCBuildConfiguration;
			buildSettings = {
				ASSETCATALOG_COMPILER_APPICON_NAME = AppIcon;
				CODE_SIGN_STYLE = Automatic;
				DEVELOPMENT_TEAM = 5QYMX3NEH3;
				INFOPLIST_FILE = TMDBMovieListDemo/Info.plist;
				LD_RUNPATH_SEARCH_PATHS = (
					"$(inherited)",
					"@executable_path/Frameworks",
				);
				PRODUCT_BUNDLE_IDENTIFIER = com.aarshparekh.TMDBMovieListDemo;
				PRODUCT_NAME = "$(TARGET_NAME)";
				SWIFT_VERSION = 5.0;
				TARGETED_DEVICE_FAMILY = "1,2";
			};
			name = Debug;
		};
		3DBE8C5524B2616000673C63 /* Release */ = {
			isa = XCBuildConfiguration;
			buildSettings = {
				ASSETCATALOG_COMPILER_APPICON_NAME = AppIcon;
				CODE_SIGN_STYLE = Automatic;
				DEVELOPMENT_TEAM = 5QYMX3NEH3;
				INFOPLIST_FILE = TMDBMovieListDemo/Info.plist;
				LD_RUNPATH_SEARCH_PATHS = (
					"$(inherited)",
					"@executable_path/Frameworks",
				);
				PRODUCT_BUNDLE_IDENTIFIER = com.aarshparekh.TMDBMovieListDemo;
				PRODUCT_NAME = "$(TARGET_NAME)";
				SWIFT_VERSION = 5.0;
				TARGETED_DEVICE_FAMILY = "1,2";
			};
			name = Release;
		};
/* End XCBuildConfiguration section */

/* Begin XCConfigurationList section */
		3DBE8C3A24B2615F00673C63 /* Build configuration list for PBXProject "TMDBMovieListDemo" */ = {
			isa = XCConfigurationList;
			buildConfigurations = (
				3DBE8C5124B2616000673C63 /* Debug */,
				3DBE8C5224B2616000673C63 /* Release */,
			);
			defaultConfigurationIsVisible = 0;
			defaultConfigurationName = Release;
		};
		3DBE8C5324B2616000673C63 /* Build configuration list for PBXNativeTarget "TMDBMovieListDemo" */ = {
			isa = XCConfigurationList;
			buildConfigurations = (
				3DBE8C5424B2616000673C63 /* Debug */,
				3DBE8C5524B2616000673C63 /* Release */,
			);
			defaultConfigurationIsVisible = 0;
			defaultConfigurationName = Release;
		};
/* End XCConfigurationList section */
	};
	rootObject = 3DBE8C3724B2615F00673C63 /* Project object */;
}
